
Microsoft Visual Studio Solution File, Format Version 12.00
# Visual Studio Version 17
VisualStudioVersion = 17.8.34525.116
MinimumVisualStudioVersion = 10.0.40219.1
Project("{FAE04EC0-301F-11D3-BF4B-00C04F79EFBC}") = "MY_MOMC", "MY_MOMC\MY_MOMC.csproj", "{C0EB7B04-A91F-4BBB-A254-C04560D36C57}"
EndProject
Global
	GlobalSection(SolutionConfigurationPlatforms) = preSolution
		Debug|Any CPU = Debug|Any CPU
		Release|Any CPU = Release|Any CPU
	EndGlobalSection
	GlobalSection(ProjectConfigurationPlatforms) = postSolution
		{C0EB7B04-A91F-4BBB-A254-C04560D36C57}.Debug|Any CPU.ActiveCfg = Debug|Any CPU
		{C0EB7B04-A91F-4BBB-A254-C04560D36C57}.Debug|Any CPU.Build.0 = Debug|Any CPU
		{C0EB7B04-A91F-4BBB-A254-C04560D36C57}.Release|Any CPU.ActiveCfg = Release|Any CPU
		{C0EB7B04-A91F-4BBB-A254-C04560D36C57}.Release|Any CPU.Build.0 = Release|Any CPU
	EndGlobalSection
	GlobalSection(SolutionProperties) = preSolution
		HideSolutionNode = FALSE
	EndGlobalSection
	GlobalSection(ExtensibilityGlobals) = postSolution
		SolutionGuid = {2BD4E6B2-F1EC-49A4-AB84-995A48A4CF88}
	EndGlobalSection
EndGlobal
